
Microsoft Visual Studio Solution File, Format Version 12.00
# Visual Studio 15
VisualStudioVersion = 15.0.28307.645
MinimumVisualStudioVersion = 10.0.40219.1
Project("{FAE04EC0-301F-11D3-BF4B-00C04F79EFBC}") = "demo1", "demo1\demo1.csproj", "{B48450E1-4788-4B84-8741-1C7A4AE72072}"
EndProject
Global
	GlobalSection(SolutionConfigurationPlatforms) = preSolution
		Debug|Any CPU = Debug|Any CPU
		Release|Any CPU = Release|Any CPU
	EndGlobalSection
	GlobalSection(ProjectConfigurationPlatforms) = postSolution
		{B48450E1-4788-4B84-8741-1C7A4AE72072}.Debug|Any CPU.ActiveCfg = Debug|Any CPU
		{B48450E1-4788-4B84-8741-1C7A4AE72072}.Debug|Any CPU.Build.0 = Debug|Any CPU
		{B48450E1-4788-4B84-8741-1C7A4AE72072}.Release|Any CPU.ActiveCfg = Release|Any CPU
		{B48450E1-4788-4B84-8741-1C7A4AE72072}.Release|Any CPU.Build.0 = Release|Any CPU
	EndGlobalSection
	GlobalSection(SolutionProperties) = preSolution
		HideSolutionNode = FALSE
	EndGlobalSection
	GlobalSection(ExtensibilityGlobals) = postSolution
		SolutionGuid = {8A3DE300-A42B-4419-92C0-495A353F24A5}
	EndGlobalSection
EndGlobal
